
Microsoft Visual Studio Solution File, Format Version 12.00
# Visual Studio 15
VisualStudioVersion = 15.0.26730.16
MinimumVisualStudioVersion = 10.0.40219.1
Project("{FAE04EC0-301F-11D3-BF4B-00C04F79EFBC}") = "week6", "week6\week6.csproj", "{2E3EE975-0CB9-4B88-BA4B-61FBEA204A78}"
EndProject
Global
	GlobalSection(SolutionConfigurationPlatforms) = preSolution
		Debug|Any CPU = Debug|Any CPU
		Release|Any CPU = Release|Any CPU
	EndGlobalSection
	GlobalSection(ProjectConfigurationPlatforms) = postSolution
		{2E3EE975-0CB9-4B88-BA4B-61FBEA204A78}.Debug|Any CPU.ActiveCfg = Debug|Any CPU
		{2E3EE975-0CB9-4B88-BA4B-61FBEA204A78}.Debug|Any CPU.Build.0 = Debug|Any CPU
		{2E3EE975-0CB9-4B88-BA4B-61FBEA204A78}.Release|Any CPU.ActiveCfg = Release|Any CPU
		{2E3EE975-0CB9-4B88-BA4B-61FBEA204A78}.Release|Any CPU.Build.0 = Release|Any CPU
	EndGlobalSection
	GlobalSection(SolutionProperties) = preSolution
		HideSolutionNode = FALSE
	EndGlobalSection
	GlobalSection(ExtensibilityGlobals) = postSolution
		SolutionGuid = {ED27EE75-FAA7-494F-AF0C-EDB0FF20F7AC}
	EndGlobalSection
EndGlobal
